
Microsoft Visual Studio Solution File, Format Version 12.00
# Visual Studio Version 16
VisualStudioVersion = 16.6.30114.105
MinimumVisualStudioVersion = 10.0.40219.1
Project("{9A19103F-16F7-4668-BE54-9A1E7A4F7556}") = "ArdalisRating", "ArdalisRating\ArdalisRating.csproj", "{C718BD8F-A40C-4614-920D-13A5043683F3}"
EndProject
Project("{FAE04EC0-301F-11D3-BF4B-00C04F79EFBC}") = "ArdalisRating.Tests", "ArdalisRating.Tests\ArdalisRating.Tests.csproj", "{27FFCAA2-E812-40EA-964F-8804FCD3C02C}"
EndProject
Global
	GlobalSection(SolutionConfigurationPlatforms) = preSolution
		Debug|Any CPU = Debug|Any CPU
		Debug|x64 = Debug|x64
		Debug|x86 = Debug|x86
		Release|Any CPU = Release|Any CPU
		Release|x64 = Release|x64
		Release|x86 = Release|x86
	EndGlobalSection
	GlobalSection(ProjectConfigurationPlatforms) = postSolution
		{C718BD8F-A40C-4614-920D-13A5043683F3}.Debug|Any CPU.ActiveCfg = Debug|Any CPU
		{C718BD8F-A40C-4614-920D-13A5043683F3}.Debug|Any CPU.Build.0 = Debug|Any CPU
		{C718BD8F-A40C-4614-920D-13A5043683F3}.Debug|x64.ActiveCfg = Debug|Any CPU
		{C718BD8F-A40C-4614-920D-13A5043683F3}.Debug|x64.Build.0 = Debug|Any CPU
		{C718BD8F-A40C-4614-920D-13A5043683F3}.Debug|x86.ActiveCfg = Debug|Any CPU
		{C718BD8F-A40C-4614-920D-13A5043683F3}.Debug|x86.Build.0 = Debug|Any CPU
		{C718BD8F-A40C-4614-920D-13A5043683F3}.Release|Any CPU.ActiveCfg = Release|Any CPU
		{C718BD8F-A40C-4614-920D-13A5043683F3}.Release|Any CPU.Build.0 = Release|Any CPU
		{C718BD8F-A40C-4614-920D-13A5043683F3}.Release|x64.ActiveCfg = Release|Any CPU
		{C718BD8F-A40C-4614-920D-13A5043683F3}.Release|x64.Build.0 = Release|Any CPU
		{C718BD8F-A40C-4614-920D-13A5043683F3}.Release|x86.ActiveCfg = Release|Any CPU
		{C718BD8F-A40C-4614-920D-13A5043683F3}.Release|x86.Build.0 = Release|Any CPU
		{27FFCAA2-E812-40EA-964F-8804FCD3C02C}.Debug|Any CPU.ActiveCfg = Debug|Any CPU
		{27FFCAA2-E812-40EA-964F-8804FCD3C02C}.Debug|Any CPU.Build.0 = Debug|Any CPU
		{27FFCAA2-E812-40EA-964F-8804FCD3C02C}.Debug|x64.ActiveCfg = Debug|Any CPU
		{27FFCAA2-E812-40EA-964F-8804FCD3C02C}.Debug|x64.Build.0 = Debug|Any CPU
		{27FFCAA2-E812-40EA-964F-8804FCD3C02C}.Debug|x86.ActiveCfg = Debug|Any CPU
		{27FFCAA2-E812-40EA-964F-8804FCD3C02C}.Debug|x86.Build.0 = Debug|Any CPU
		{27FFCAA2-E812-40EA-964F-8804FCD3C02C}.Release|Any CPU.ActiveCfg = Release|Any CPU
		{27FFCAA2-E812-40EA-964F-8804FCD3C02C}.Release|Any CPU.Build.0 = Release|Any CPU
		{27FFCAA2-E812-40EA-964F-8804FCD3C02C}.Release|x64.ActiveCfg = Release|Any CPU
		{27FFCAA2-E812-40EA-964F-8804FCD3C02C}.Release|x64.Build.0 = Release|Any CPU
		{27FFCAA2-E812-40EA-964F-8804FCD3C02C}.Release|x86.ActiveCfg = Release|Any CPU
		{27FFCAA2-E812-40EA-964F-8804FCD3C02C}.Release|x86.Build.0 = Release|Any CPU
	EndGlobalSection
	GlobalSection(SolutionProperties) = preSolution
		HideSolutionNode = FALSE
	EndGlobalSection
	GlobalSection(ExtensibilityGlobals) = postSolution
		SolutionGuid = {CDF3BA04-0EF4-40CA-B2E7-B37A7DC55FF1}
	EndGlobalSection
EndGlobal
